
Microsoft Visual Studio Solution File, Format Version 12.00
# Visual Studio Version 17
VisualStudioVersion = 17.14.37314.3 d17.14
MinimumVisualStudioVersion = 10.0.40219.1
Project("{FAE04EC0-301F-11D3-BF4B-00C04F79EFBC}") = "Bootcamp_EstruturasCondicionais", "Bootcamp_EstruturasCondicionais\Bootcamp_EstruturasCondicionais.csproj", "{3992C8C5-DEBB-41C6-A3AC-263DC16BC498}"
EndProject
Global
	GlobalSection(SolutionConfigurationPlatforms) = preSolution
		Debug|Any CPU = Debug|Any CPU
		Release|Any CPU = Release|Any CPU
	EndGlobalSection
	GlobalSection(ProjectConfigurationPlatforms) = postSolution
		{3992C8C5-DEBB-41C6-A3AC-263DC16BC498}.Debug|Any CPU.ActiveCfg = Debug|Any CPU
		{3992C8C5-DEBB-41C6-A3AC-263DC16BC498}.Debug|Any CPU.Build.0 = Debug|Any CPU
		{3992C8C5-DEBB-41C6-A3AC-263DC16BC498}.Release|Any CPU.ActiveCfg = Release|Any CPU
		{3992C8C5-DEBB-41C6-A3AC-263DC16BC498}.Release|Any CPU.Build.0 = Release|Any CPU
	EndGlobalSection
	GlobalSection(SolutionProperties) = preSolution
		HideSolutionNode = FALSE
	EndGlobalSection
	GlobalSection(ExtensibilityGlobals) = postSolution
		SolutionGuid = {C60B50FB-16BF-4D77-9D1F-E37EF182B919}
	EndGlobalSection
EndGlobal
