
Microsoft Visual Studio Solution File, Format Version 12.00
# Visual Studio Version 17
VisualStudioVersion = 17.14.37314.3
MinimumVisualStudioVersion = 10.0.40219.1
Project("{FAE04EC0-301F-11D3-BF4B-00C04F79EFBC}") = "Exercicio01_SomaDoisNumeros", "Exercicio01_SomaDoisNumeros\Exercicio01_SomaDoisNumeros.csproj", "{92B2241D-47BA-492C-8BB1-2C65886A2FFB}"
EndProject
Project("{FAE04EC0-301F-11D3-BF4B-00C04F79EFBC}") = "Exercicio02_AntecessorSucessor", "Exercicio02_AntecessorSucessor\Exercicio02_AntecessorSucessor.csproj", "{B71857BE-DE2C-94FB-19C4-039CAFEB08BC}"
EndProject
Global
	GlobalSection(SolutionConfigurationPlatforms) = preSolution
		Debug|Any CPU = Debug|Any CPU
		Release|Any CPU = Release|Any CPU
	EndGlobalSection
	GlobalSection(ProjectConfigurationPlatforms) = postSolution
		{92B2241D-47BA-492C-8BB1-2C65886A2FFB}.Debug|Any CPU.ActiveCfg = Debug|Any CPU
		{92B2241D-47BA-492C-8BB1-2C65886A2FFB}.Debug|Any CPU.Build.0 = Debug|Any CPU
		{92B2241D-47BA-492C-8BB1-2C65886A2FFB}.Release|Any CPU.ActiveCfg = Release|Any CPU
		{92B2241D-47BA-492C-8BB1-2C65886A2FFB}.Release|Any CPU.Build.0 = Release|Any CPU
		{B71857BE-DE2C-94FB-19C4-039CAFEB08BC}.Debug|Any CPU.ActiveCfg = Debug|Any CPU
		{B71857BE-DE2C-94FB-19C4-039CAFEB08BC}.Debug|Any CPU.Build.0 = Debug|Any CPU
		{B71857BE-DE2C-94FB-19C4-039CAFEB08BC}.Release|Any CPU.ActiveCfg = Release|Any CPU
		{B71857BE-DE2C-94FB-19C4-039CAFEB08BC}.Release|Any CPU.Build.0 = Release|Any CPU
	EndGlobalSection
	GlobalSection(SolutionProperties) = preSolution
		HideSolutionNode = FALSE
	EndGlobalSection
	GlobalSection(ExtensibilityGlobals) = postSolution
		SolutionGuid = {A9F189AE-EAD9-4DAD-BD7C-E0405A8BD91A}
	EndGlobalSection
EndGlobal
