
Microsoft Visual Studio Solution File, Format Version 12.00
# Visual Studio Version 17
VisualStudioVersion = 17.14.37314.3
MinimumVisualStudioVersion = 10.0.40219.1
Project("{FAE04EC0-301F-11D3-BF4B-00C04F79EFBC}") = "Exercicio01_SomaDoisNumeros", "Exercicio01_SomaDoisNumeros\Exercicio01_SomaDoisNumeros.csproj", "{92B2241D-47BA-492C-8BB1-2C65886A2FFB}"
EndProject
Project("{FAE04EC0-301F-11D3-BF4B-00C04F79EFBC}") = "Exercicio02_AntecessorSucessor", "Exercicio02_AntecessorSucessor\Exercicio02_AntecessorSucessor.csproj", "{B71857BE-DE2C-94FB-19C4-039CAFEB08BC}"
EndProject
Project("{FAE04EC0-301F-11D3-BF4B-00C04F79EFBC}") = "Exercicio03_AreaRetangulo", "Exercicio03_AreaRetangulo\Exercicio03_AreaRetangulo.csproj", "{4E762FA3-E53B-47EE-B0C9-24FEFA9B191A}"
EndProject
Project("{2150E333-8FDC-42A3-9474-1A3956D46DE8}") = "Itens de Solução", "Itens de Solução", "{380A7511-A354-6D7A-0CC0-8FA1F1BA7B6C}"
	ProjectSection(SolutionItems) = preProject
		..\README.md = ..\README.md
	EndProjectSection
EndProject
Project("{FAE04EC0-301F-11D3-BF4B-00C04F79EFBC}") = "Exercicio04_ConversorMoedas", "Exercicio04_ConversorMoedas\Exercicio04_ConversorMoedas.csproj", "{E4E295D0-2E48-432F-A709-88CC749D5480}"
EndProject
Project("{FAE04EC0-301F-11D3-BF4B-00C04F79EFBC}") = "Exercicio05_CalculadoraSimples", "Exercicio05_CalculadoraSimples\Exercicio05_CalculadoraSimples.csproj", "{05293A49-2F30-41E3-9037-2D8B6CBA6FD7}"
EndProject
Project("{FAE04EC0-301F-11D3-BF4B-00C04F79EFBC}") = "Exercicio06_ContagemCrescente", "Exercicio06_ContagemCrescente\Exercicio06_ContagemCrescente.csproj", "{78A016C8-3AC7-42E6-A5F3-544427CCCBA4}"
EndProject
Project("{FAE04EC0-301F-11D3-BF4B-00C04F79EFBC}") = "Exercicio07_ContagemRegressiva", "Exercicio07_ContagemRegressiva\Exercicio07_ContagemRegressiva.csproj", "{35596BD7-D435-4828-BC65-DF19087CF45C}"
EndProject
Global
	GlobalSection(SolutionConfigurationPlatforms) = preSolution
		Debug|Any CPU = Debug|Any CPU
		Release|Any CPU = Release|Any CPU
	EndGlobalSection
	GlobalSection(ProjectConfigurationPlatforms) = postSolution
		{92B2241D-47BA-492C-8BB1-2C65886A2FFB}.Debug|Any CPU.ActiveCfg = Debug|Any CPU
		{92B2241D-47BA-492C-8BB1-2C65886A2FFB}.Debug|Any CPU.Build.0 = Debug|Any CPU
		{92B2241D-47BA-492C-8BB1-2C65886A2FFB}.Release|Any CPU.ActiveCfg = Release|Any CPU
		{92B2241D-47BA-492C-8BB1-2C65886A2FFB}.Release|Any CPU.Build.0 = Release|Any CPU
		{B71857BE-DE2C-94FB-19C4-039CAFEB08BC}.Debug|Any CPU.ActiveCfg = Debug|Any CPU
		{B71857BE-DE2C-94FB-19C4-039CAFEB08BC}.Debug|Any CPU.Build.0 = Debug|Any CPU
		{B71857BE-DE2C-94FB-19C4-039CAFEB08BC}.Release|Any CPU.ActiveCfg = Release|Any CPU
		{B71857BE-DE2C-94FB-19C4-039CAFEB08BC}.Release|Any CPU.Build.0 = Release|Any CPU
		{4E762FA3-E53B-47EE-B0C9-24FEFA9B191A}.Debug|Any CPU.ActiveCfg = Debug|Any CPU
		{4E762FA3-E53B-47EE-B0C9-24FEFA9B191A}.Debug|Any CPU.Build.0 = Debug|Any CPU
		{4E762FA3-E53B-47EE-B0C9-24FEFA9B191A}.Release|Any CPU.ActiveCfg = Release|Any CPU
		{4E762FA3-E53B-47EE-B0C9-24FEFA9B191A}.Release|Any CPU.Build.0 = Release|Any CPU
		{E4E295D0-2E48-432F-A709-88CC749D5480}.Debug|Any CPU.ActiveCfg = Debug|Any CPU
		{E4E295D0-2E48-432F-A709-88CC749D5480}.Debug|Any CPU.Build.0 = Debug|Any CPU
		{E4E295D0-2E48-432F-A709-88CC749D5480}.Release|Any CPU.ActiveCfg = Release|Any CPU
		{E4E295D0-2E48-432F-A709-88CC749D5480}.Release|Any CPU.Build.0 = Release|Any CPU
		{05293A49-2F30-41E3-9037-2D8B6CBA6FD7}.Debug|Any CPU.ActiveCfg = Debug|Any CPU
		{05293A49-2F30-41E3-9037-2D8B6CBA6FD7}.Debug|Any CPU.Build.0 = Debug|Any CPU
		{05293A49-2F30-41E3-9037-2D8B6CBA6FD7}.Release|Any CPU.ActiveCfg = Release|Any CPU
		{05293A49-2F30-41E3-9037-2D8B6CBA6FD7}.Release|Any CPU.Build.0 = Release|Any CPU
		{78A016C8-3AC7-42E6-A5F3-544427CCCBA4}.Debug|Any CPU.ActiveCfg = Debug|Any CPU
		{78A016C8-3AC7-42E6-A5F3-544427CCCBA4}.Debug|Any CPU.Build.0 = Debug|Any CPU
		{78A016C8-3AC7-42E6-A5F3-544427CCCBA4}.Release|Any CPU.ActiveCfg = Release|Any CPU
		{78A016C8-3AC7-42E6-A5F3-544427CCCBA4}.Release|Any CPU.Build.0 = Release|Any CPU
		{35596BD7-D435-4828-BC65-DF19087CF45C}.Debug|Any CPU.ActiveCfg = Debug|Any CPU
		{35596BD7-D435-4828-BC65-DF19087CF45C}.Debug|Any CPU.Build.0 = Debug|Any CPU
		{35596BD7-D435-4828-BC65-DF19087CF45C}.Release|Any CPU.ActiveCfg = Release|Any CPU
		{35596BD7-D435-4828-BC65-DF19087CF45C}.Release|Any CPU.Build.0 = Release|Any CPU
	EndGlobalSection
	GlobalSection(SolutionProperties) = preSolution
		HideSolutionNode = FALSE
	EndGlobalSection
	GlobalSection(ExtensibilityGlobals) = postSolution
		SolutionGuid = {A9F189AE-EAD9-4DAD-BD7C-E0405A8BD91A}
	EndGlobalSection
EndGlobal
